# THIS IS AN AUTOGENERATED FILE. DO NOT EDIT THIS FILE DIRECTLY.
# yarn lockfile v1


"@sindresorhus/is@^0.11.0":
  version "0.11.0"
  resolved "http://registry.npm.taobao.org/@sindresorhus/is/download/@sindresorhus/is-0.11.0.tgz#a65970040a5b55c4713452666703b92a6c331fdb"
  dependencies:
    symbol-observable "^1.2.0"

"@szmarczak/http-timer@^1.1.0":
  version "1.1.1"
  resolved "http://registry.npm.taobao.org/@szmarczak/http-timer/download/@szmarczak/http-timer-1.1.1.tgz#6402258dfe467532b26649ef076b4d11f74fb612"
  dependencies:
    defer-to-connect "^1.0.1"

cacheable-request@^5.0.0:
  version "5.0.0"
  resolved "http://registry.npm.taobao.org/cacheable-request/download/cacheable-request-5.0.0.tgz#7ce347741c48d85c76bc41b78f6bf13e2907056d"
  dependencies:
    clone-response "^1.0.2"
    get-stream "^4.0.0"
    http-cache-semantics "^4.0.0"
    keyv "^3.0.0"
    lowercase-keys "^1.0.1"
    normalize-url "^3.1.0"
    responselike "^1.0.2"

clone-response@^1.0.2:
  version "1.0.2"
  resolved "http://registry.npm.taobao.org/clone-response/download/clone-response-1.0.2.tgz#d1dc973920314df67fbeb94223b4ee350239e96b"
  dependencies:
    mimic-response "^1.0.0"

decompress-response@^3.3.0:
  version "3.3.0"
  resolved "http://registry.npm.taobao.org/decompress-response/download/decompress-response-3.3.0.tgz#80a4dd323748384bfa248083622aedec982adff3"
  dependencies:
    mimic-response "^1.0.0"

defer-to-connect@^1.0.1:
  version "1.0.1"
  resolved "http://registry.npm.taobao.org/defer-to-connect/download/defer-to-connect-1.0.1.tgz#41ec1dd670dc4c6dcbe7e54c9e44d784d025fe63"

duplexer3@^0.1.4:
  version "0.1.4"
  resolved "http://registry.npm.taobao.org/duplexer3/download/duplexer3-0.1.4.tgz#ee01dd1cac0ed3cbc7fdbea37dc0a8f1ce002ce2"

end-of-stream@^1.1.0:
  version "1.4.1"
  resolved "http://registry.npm.taobao.org/end-of-stream/download/end-of-stream-1.4.1.tgz#ed29634d19baba463b6ce6b80a37213eab71ec43"
  dependencies:
    once "^1.4.0"

fs-extra@^7.0.0:
  version "7.0.0"
  resolved "http://registry.npm.taobao.org/fs-extra/download/fs-extra-7.0.0.tgz#8cc3f47ce07ef7b3593a11b9fb245f7e34c041d6"
  dependencies:
    graceful-fs "^4.1.2"
    jsonfile "^4.0.0"
    universalify "^0.1.0"

get-stream@^4.0.0:
  version "4.1.0"
  resolved "http://registry.npm.taobao.org/get-stream/download/get-stream-4.1.0.tgz#c1b255575f3dc21d59bfc79cd3d2b46b1c3a54b5"
  dependencies:
    pump "^3.0.0"

got@^9.2.2:
  version "9.2.2"
  resolved "http://registry.npm.taobao.org/got/download/got-9.2.2.tgz#d6cb73f40d4cb512864c2f66f275f258ab43aa25"
  dependencies:
    "@sindresorhus/is" "^0.11.0"
    "@szmarczak/http-timer" "^1.1.0"
    cacheable-request "^5.0.0"
    decompress-response "^3.3.0"
    duplexer3 "^0.1.4"
    get-stream "^4.0.0"
    mimic-response "^1.0.1"
    p-cancelable "^0.5.0"
    to-readable-stream "^1.0.0"
    url-parse-lax "^3.0.0"

graceful-fs@^4.1.2, graceful-fs@^4.1.6:
  version "4.1.11"
  resolved "http://registry.npm.taobao.org/graceful-fs/download/graceful-fs-4.1.11.tgz#0e8bdfe4d1ddb8854d64e04ea7c00e2a026e5658"

http-cache-semantics@^4.0.0:
  version "4.0.0"
  resolved "http://registry.npm.taobao.org/http-cache-semantics/download/http-cache-semantics-4.0.0.tgz#2d0069a73c36c80e3297bc3a0cadd669b78a69ce"

json-buffer@3.0.0:
  version "3.0.0"
  resolved "http://registry.npm.taobao.org/json-buffer/download/json-buffer-3.0.0.tgz#5b1f397afc75d677bde8bcfc0e47e1f9a3d9a898"

jsonfile@^4.0.0:
  version "4.0.0"
  resolved "http://registry.npm.taobao.org/jsonfile/download/jsonfile-4.0.0.tgz#8771aae0799b64076b76640fca058f9c10e33ecb"
  optionalDependencies:
    graceful-fs "^4.1.6"

keyv@^3.0.0:
  version "3.1.0"
  resolved "http://registry.npm.taobao.org/keyv/download/keyv-3.1.0.tgz#ecc228486f69991e49e9476485a5be1e8fc5c4d9"
  dependencies:
    json-buffer "3.0.0"

lodash@^4.17.11:
  version "4.17.11"
  resolved "http://registry.npm.taobao.org/lodash/download/lodash-4.17.11.tgz#b39ea6229ef607ecd89e2c8df12536891cac9b8d"

lowercase-keys@^1.0.0, lowercase-keys@^1.0.1:
  version "1.0.1"
  resolved "http://registry.npm.taobao.org/lowercase-keys/download/lowercase-keys-1.0.1.tgz#6f9e30b47084d971a7c820ff15a6c5167b74c26f"

mimic-response@^1.0.0, mimic-response@^1.0.1:
  version "1.0.1"
  resolved "http://registry.npm.taobao.org/mimic-response/download/mimic-response-1.0.1.tgz#4923538878eef42063cb8a3e3b0798781487ab1b"

normalize-url@^3.1.0:
  version "3.3.0"
  resolved "http://registry.npm.taobao.org/normalize-url/download/normalize-url-3.3.0.tgz#b2e1c4dc4f7c6d57743df733a4f5978d18650559"

once@^1.3.1, once@^1.4.0:
  version "1.4.0"
  resolved "http://registry.npm.taobao.org/once/download/once-1.4.0.tgz#583b1aa775961d4b113ac17d9c50baef9dd76bd1"
  dependencies:
    wrappy "1"

p-cancelable@^0.5.0:
  version "0.5.1"
  resolved "http://registry.npm.taobao.org/p-cancelable/download/p-cancelable-0.5.1.tgz#b797a33c43c645cd70d5a838b1d25352b9e29e75"

prepend-http@^2.0.0:
  version "2.0.0"
  resolved "http://registry.npm.taobao.org/prepend-http/download/prepend-http-2.0.0.tgz#e92434bfa5ea8c19f41cdfd401d741a3c819d897"

pump@^3.0.0:
  version "3.0.0"
  resolved "http://registry.npm.taobao.org/pump/download/pump-3.0.0.tgz#b4a2116815bde2f4e1ea602354e8c75565107a64"
  dependencies:
    end-of-stream "^1.1.0"
    once "^1.3.1"

responselike@^1.0.2:
  version "1.0.2"
  resolved "http://registry.npm.taobao.org/responselike/download/responselike-1.0.2.tgz#918720ef3b631c5642be068f15ade5a46f4ba1e7"
  dependencies:
    lowercase-keys "^1.0.0"

symbol-observable@^1.2.0:
  version "1.2.0"
  resolved "http://registry.npm.taobao.org/symbol-observable/download/symbol-observable-1.2.0.tgz#c22688aed4eab3cdc2dfeacbb561660560a00804"

to-readable-stream@^1.0.0:
  version "1.0.0"
  resolved "http://registry.npm.taobao.org/to-readable-stream/download/to-readable-stream-1.0.0.tgz#ce0aa0c2f3df6adf852efb404a783e77c0475771"

universalify@^0.1.0:
  version "0.1.2"
  resolved "http://registry.npm.taobao.org/universalify/download/universalify-0.1.2.tgz#b646f69be3942dabcecc9d6639c80dc105efaa66"

url-parse-lax@^3.0.0:
  version "3.0.0"
  resolved "http://registry.npm.taobao.org/url-parse-lax/download/url-parse-lax-3.0.0.tgz#16b5cafc07dbe3676c1b1999177823d6503acb0c"
  dependencies:
    prepend-http "^2.0.0"

wrappy@1:
  version "1.0.2"
  resolved "http://registry.npm.taobao.org/wrappy/download/wrappy-1.0.2.tgz#b5243d8f3ec1aa35f1364605bc0d1036e30ab69f"
